<?xml version="1.0" encoding="utf-8"?>
<Project ToolsVersion="4.0" xmlns="http://schemas.microsoft.com/developer/msbuild/2003">
  <ItemGroup>
    <Filter Include="assets">
      <UniqueIdentifier>{67DA6AB6-F800-4c08-8B7A-83BB121AAD01}</UniqueIdentifier>
      <Extensions>rc;ico;cur;bmp;dlg;rc2;rct;bin;rgs;gif;jpg;jpeg;jpe;resx;tiff;tif;png;wav;mfcribbon-ms</Extensions>
    </Filter>
    <Filter Include="code">
      <UniqueIdentifier>{8411c568-b294-44dd-bae3-a0f46773640c}</UniqueIdentifier>
    </Filter>
    <Filter Include="code\include">
      <UniqueIdentifier>{93995380-89BD-4b04-88EB-625FBE52EBFB}</UniqueIdentifier>
      <Extensions>h;hh;hpp;hxx;hm;inl;inc;ipp;xsd</Extensions>
    </Filter>
    <Filter Include="code\src">
      <UniqueIdentifier>{4FC737F1-C7A5-4376-A066-2A32D752A2FF}</UniqueIdentifier>
      <Extensions>cpp;c;cc;cxx;def;odl;idl;hpj;bat;asm;asmx</Extensions>
    </Filter>
    <Filter Include="tests">
      <UniqueIdentifier>{526327e0-b551-45fd-aa6b-e47c3b6deafa}</UniqueIdentifier>
    </Filter>
    <Filter Include="tests\include">
      <UniqueIdentifier>{19ddf429-b6a5-42ad-8bcc-e7330c3bed8e}</UniqueIdentifier>
    </Filter>
    <Filter Include="tests\src">
      <UniqueIdentifier>{455662a8-5d72-4338-9875-511d30ab2bd6}</UniqueIdentifier>
    </Filter>
    <Filter Include="code\include\fitness">
      <UniqueIdentifier>{5709ff25-13c4-46a1-ba8c-4208920ea7f5}</UniqueIdentifier>
    </Filter>
    <Filter Include="code\src\fitness">
      <UniqueIdentifier>{1bc1450b-23ff-47f1-bd97-c4576a0a9a16}</UniqueIdentifier>
    </Filter>
  </ItemGroup>
  <ItemGroup>
    <ClCompile Include="main.cpp">
      <Filter>code\src</Filter>
    </ClCompile>
    <ClCompile Include="tests.cpp">
      <Filter>tests\src</Filter>
    </ClCompile>
    <ClCompile Include="generalFunctions.cpp">
      <Filter>code\src</Filter>
    </ClCompile>
    <ClCompile Include="fitnessTests.cpp">
      <Filter>code\src\fitness</Filter>
    </ClCompile>
  </ItemGroup>
  <ItemGroup>
    <ClInclude Include="generalFunctions.h">
      <Filter>code\include</Filter>
    </ClInclude>
    <ClInclude Include="system.h">
      <Filter>code\include</Filter>
    </ClInclude>
    <ClInclude Include="fitnessFunctions.h">
      <Filter>code\include\fitness</Filter>
    </ClInclude>
    <ClInclude Include="fitnessTests.h">
      <Filter>code\include\fitness</Filter>
    </ClInclude>
  </ItemGroup>
</Project>